
Microsoft Visual Studio Solution File, Format Version 12.00
# Visual Studio 15
VisualStudioVersion = 15.0.28010.2036
MinimumVisualStudioVersion = 10.0.40219.1
Project("{9A19103F-16F7-4668-BE54-9A1E7A4F7556}") = "B3Next.Clients.Web", "B3Next.Clients.Web\B3Next.Clients.Web.csproj", "{EDFF50BE-53B4-45E7-87BF-7E54FB81390F}"
EndProject
Project("{9A19103F-16F7-4668-BE54-9A1E7A4F7556}") = "B3Next.Clients.Interfaces", "B3Next.Clients.Interfaces\B3Next.Clients.Interfaces.csproj", "{5674BFA4-953F-4BDE-910D-E595F15341DE}"
EndProject
Global
	GlobalSection(SolutionConfigurationPlatforms) = preSolution
		Debug|Any CPU = Debug|Any CPU
		Release|Any CPU = Release|Any CPU
	EndGlobalSection
	GlobalSection(ProjectConfigurationPlatforms) = postSolution
		{EDFF50BE-53B4-45E7-87BF-7E54FB81390F}.Debug|Any CPU.ActiveCfg = Debug|Any CPU
		{EDFF50BE-53B4-45E7-87BF-7E54FB81390F}.Debug|Any CPU.Build.0 = Debug|Any CPU
		{EDFF50BE-53B4-45E7-87BF-7E54FB81390F}.Release|Any CPU.ActiveCfg = Release|Any CPU
		{EDFF50BE-53B4-45E7-87BF-7E54FB81390F}.Release|Any CPU.Build.0 = Release|Any CPU
		{5674BFA4-953F-4BDE-910D-E595F15341DE}.Debug|Any CPU.ActiveCfg = Debug|Any CPU
		{5674BFA4-953F-4BDE-910D-E595F15341DE}.Debug|Any CPU.Build.0 = Debug|Any CPU
		{5674BFA4-953F-4BDE-910D-E595F15341DE}.Release|Any CPU.ActiveCfg = Release|Any CPU
		{5674BFA4-953F-4BDE-910D-E595F15341DE}.Release|Any CPU.Build.0 = Release|Any CPU
	EndGlobalSection
	GlobalSection(SolutionProperties) = preSolution
		HideSolutionNode = FALSE
	EndGlobalSection
	GlobalSection(ExtensibilityGlobals) = postSolution
		SolutionGuid = {3DDA2482-D564-4C47-BEA5-956CFE5E7CF9}
	EndGlobalSection
EndGlobal
